
Microsoft Visual Studio Solution File, Format Version 12.00
# Visual Studio Version 17
VisualStudioVersion = 17.14.37710.0 d17.14
MinimumVisualStudioVersion = 10.0.40219.1
Project("{FAE04EC0-301F-11D3-BF4B-00C04F79EFBC}") = "factoryos-10x-shell", "factoryos-10x-shell\factoryos-10x-shell.csproj", "{EB1B9CA9-6784-4E8B-862A-486E2B2E4F08}"
EndProject
Project("{FAE04EC0-301F-11D3-BF4B-00C04F79EFBC}") = "factoryos-10x-shell.Library", "factoryos-10x-shell.Library\factoryos-10x-shell.Library.csproj", "{4345E98B-2F22-4824-9C67-90DE0E7EE619}"
EndProject
Project("{8BC9CEB8-8B4A-11D0-8D11-00A0C91BC942}") = "Win32Bridge.Runtime", "Win32Bridge\Win32Bridge.vcxproj", "{4FC5183E-E778-46D3-B30C-012B98D294A9}"
EndProject
Project("{8BC9CEB8-8B4A-11D0-8D11-00A0C91BC942}") = "DesktopMode.Gecko", "gecko-source\GeckoShellHost\GeckoShellHost.vcxproj", "{A7E7C4B1-D5A8-4D51-8E74-C8F860A6F113}"
EndProject
Project("{FAE04EC0-301F-11D3-BF4B-00C04F79EFBC}") = "Calculator", "calculator-main\src\Calculator\Calculator.csproj", "{3B773403-B0D6-4F9A-948E-512A7A5FB315}"
EndProject
Project("{FAE04EC0-301F-11D3-BF4B-00C04F79EFBC}") = "Calculator.ViewModels", "calculator-main\src\Calculator.ViewModels\Calculator.ViewModels.csproj", "{E1E2E3E4-1234-5678-ABCD-555555555555}"
EndProject
Project("{8BC9CEB8-8B4A-11D0-8D11-00A0C91BC942}") = "GraphControl", "calculator-main\src\GraphControl\GraphControl.vcxproj", "{E727A92B-F149-492C-8117-C039A298719B}"
EndProject
Project("{8BC9CEB8-8B4A-11D0-8D11-00A0C91BC942}") = "GraphingImpl", "calculator-main\src\GraphingImpl\GraphingImpl.vcxproj", "{52E03A58-B378-4F50-8BFB-F659FB85E790}"
EndProject
Project("{8BC9CEB8-8B4A-11D0-8D11-00A0C91BC942}") = "TraceLogging", "calculator-main\src\TraceLogging\TraceLogging.vcxproj", "{FC81FF41-02CD-4CD9-9BC5-45A1E39AC6ED}"
EndProject
Project("{FAE04EC0-301F-11D3-BF4B-00C04F79EFBC}") = "TraceLogging.Managed", "calculator-main\src\TraceLogging.Managed\TraceLogging.Managed.csproj", "{3E4B3AB2-A1E0-4B28-B191-7B423E00B5A1}"
EndProject
Global
	GlobalSection(SolutionConfigurationPlatforms) = preSolution
		Debug|Any CPU = Debug|Any CPU
		Debug|ARM = Debug|ARM
		Debug|ARM64 = Debug|ARM64
		Debug|x64 = Debug|x64
		Debug|x86 = Debug|x86
		Release|Any CPU = Release|Any CPU
		Release|ARM = Release|ARM
		Release|ARM64 = Release|ARM64
		Release|x64 = Release|x64
		Release|x86 = Release|x86
	EndGlobalSection
	GlobalSection(ProjectConfigurationPlatforms) = postSolution
		{A7E7C4B1-D5A8-4D51-8E74-C8F860A6F113}.Debug|Any CPU.ActiveCfg = Debug|x64
		{A7E7C4B1-D5A8-4D51-8E74-C8F860A6F113}.Debug|ARM.ActiveCfg = Debug|x64
		{A7E7C4B1-D5A8-4D51-8E74-C8F860A6F113}.Debug|ARM64.ActiveCfg = Debug|x64
		{A7E7C4B1-D5A8-4D51-8E74-C8F860A6F113}.Debug|x64.ActiveCfg = Debug|x64
		{A7E7C4B1-D5A8-4D51-8E74-C8F860A6F113}.Debug|x64.Build.0 = Debug|x64
		{A7E7C4B1-D5A8-4D51-8E74-C8F860A6F113}.Debug|x86.ActiveCfg = Debug|x64
		{A7E7C4B1-D5A8-4D51-8E74-C8F860A6F113}.Release|Any CPU.ActiveCfg = Release|x64
		{A7E7C4B1-D5A8-4D51-8E74-C8F860A6F113}.Release|ARM.ActiveCfg = Release|x64
		{A7E7C4B1-D5A8-4D51-8E74-C8F860A6F113}.Release|ARM64.ActiveCfg = Release|x64
		{A7E7C4B1-D5A8-4D51-8E74-C8F860A6F113}.Release|x64.ActiveCfg = Release|x64
		{A7E7C4B1-D5A8-4D51-8E74-C8F860A6F113}.Release|x64.Build.0 = Release|x64
		{A7E7C4B1-D5A8-4D51-8E74-C8F860A6F113}.Release|x86.ActiveCfg = Release|x64
		{E727A92B-F149-492C-8117-C039A298719B}.Debug|Any CPU.ActiveCfg = Debug|Win32
		{E727A92B-F149-492C-8117-C039A298719B}.Debug|Any CPU.Build.0 = Debug|Win32
		{E727A92B-F149-492C-8117-C039A298719B}.Debug|ARM.ActiveCfg = Debug|ARM64
		{E727A92B-F149-492C-8117-C039A298719B}.Debug|ARM64.ActiveCfg = Debug|ARM64
		{E727A92B-F149-492C-8117-C039A298719B}.Debug|ARM64.Build.0 = Debug|ARM64
		{E727A92B-F149-492C-8117-C039A298719B}.Debug|x64.ActiveCfg = Debug|x64
		{E727A92B-F149-492C-8117-C039A298719B}.Debug|x64.Build.0 = Debug|x64
		{E727A92B-F149-492C-8117-C039A298719B}.Debug|x86.ActiveCfg = Debug|Win32
		{E727A92B-F149-492C-8117-C039A298719B}.Debug|x86.Build.0 = Debug|Win32
		{E727A92B-F149-492C-8117-C039A298719B}.Release|Any CPU.ActiveCfg = Release|Win32
		{E727A92B-F149-492C-8117-C039A298719B}.Release|Any CPU.Build.0 = Release|Win32
		{E727A92B-F149-492C-8117-C039A298719B}.Release|ARM.ActiveCfg = Release|ARM64
		{E727A92B-F149-492C-8117-C039A298719B}.Release|ARM64.ActiveCfg = Release|ARM64
		{E727A92B-F149-492C-8117-C039A298719B}.Release|ARM64.Build.0 = Release|ARM64
		{E727A92B-F149-492C-8117-C039A298719B}.Release|x64.ActiveCfg = Release|x64
		{E727A92B-F149-492C-8117-C039A298719B}.Release|x64.Build.0 = Release|x64
		{E727A92B-F149-492C-8117-C039A298719B}.Release|x86.ActiveCfg = Release|Win32
		{E727A92B-F149-492C-8117-C039A298719B}.Release|x86.Build.0 = Release|Win32
		{52E03A58-B378-4F50-8BFB-F659FB85E790}.Debug|Any CPU.ActiveCfg = Debug|Win32
		{52E03A58-B378-4F50-8BFB-F659FB85E790}.Debug|Any CPU.Build.0 = Debug|Win32
		{52E03A58-B378-4F50-8BFB-F659FB85E790}.Debug|ARM.ActiveCfg = Debug|ARM64
		{52E03A58-B378-4F50-8BFB-F659FB85E790}.Debug|ARM64.ActiveCfg = Debug|ARM64
		{52E03A58-B378-4F50-8BFB-F659FB85E790}.Debug|ARM64.Build.0 = Debug|ARM64
		{52E03A58-B378-4F50-8BFB-F659FB85E790}.Debug|x64.ActiveCfg = Debug|x64
		{52E03A58-B378-4F50-8BFB-F659FB85E790}.Debug|x64.Build.0 = Debug|x64
		{52E03A58-B378-4F50-8BFB-F659FB85E790}.Debug|x86.ActiveCfg = Debug|Win32
		{52E03A58-B378-4F50-8BFB-F659FB85E790}.Debug|x86.Build.0 = Debug|Win32
		{52E03A58-B378-4F50-8BFB-F659FB85E790}.Release|Any CPU.ActiveCfg = Release|Win32
		{52E03A58-B378-4F50-8BFB-F659FB85E790}.Release|Any CPU.Build.0 = Release|Win32
		{52E03A58-B378-4F50-8BFB-F659FB85E790}.Release|ARM.ActiveCfg = Release|ARM64
		{52E03A58-B378-4F50-8BFB-F659FB85E790}.Release|ARM64.ActiveCfg = Release|ARM64
		{52E03A58-B378-4F50-8BFB-F659FB85E790}.Release|ARM64.Build.0 = Release|ARM64
		{52E03A58-B378-4F50-8BFB-F659FB85E790}.Release|x64.ActiveCfg = Release|x64
		{52E03A58-B378-4F50-8BFB-F659FB85E790}.Release|x64.Build.0 = Release|x64
		{52E03A58-B378-4F50-8BFB-F659FB85E790}.Release|x86.ActiveCfg = Release|Win32
		{52E03A58-B378-4F50-8BFB-F659FB85E790}.Release|x86.Build.0 = Release|Win32
		{FC81FF41-02CD-4CD9-9BC5-45A1E39AC6ED}.Debug|Any CPU.ActiveCfg = Debug|Win32
		{FC81FF41-02CD-4CD9-9BC5-45A1E39AC6ED}.Debug|Any CPU.Build.0 = Debug|Win32
		{FC81FF41-02CD-4CD9-9BC5-45A1E39AC6ED}.Debug|ARM.ActiveCfg = Debug|ARM64
		{FC81FF41-02CD-4CD9-9BC5-45A1E39AC6ED}.Debug|ARM64.ActiveCfg = Debug|ARM64
		{FC81FF41-02CD-4CD9-9BC5-45A1E39AC6ED}.Debug|ARM64.Build.0 = Debug|ARM64
		{FC81FF41-02CD-4CD9-9BC5-45A1E39AC6ED}.Debug|x64.ActiveCfg = Debug|x64
		{FC81FF41-02CD-4CD9-9BC5-45A1E39AC6ED}.Debug|x64.Build.0 = Debug|x64
		{FC81FF41-02CD-4CD9-9BC5-45A1E39AC6ED}.Debug|x86.ActiveCfg = Debug|Win32
		{FC81FF41-02CD-4CD9-9BC5-45A1E39AC6ED}.Debug|x86.Build.0 = Debug|Win32
		{FC81FF41-02CD-4CD9-9BC5-45A1E39AC6ED}.Release|Any CPU.ActiveCfg = Release|Win32
		{FC81FF41-02CD-4CD9-9BC5-45A1E39AC6ED}.Release|Any CPU.Build.0 = Release|Win32
		{FC81FF41-02CD-4CD9-9BC5-45A1E39AC6ED}.Release|ARM.ActiveCfg = Release|ARM64
		{FC81FF41-02CD-4CD9-9BC5-45A1E39AC6ED}.Release|ARM64.ActiveCfg = Release|ARM64
		{FC81FF41-02CD-4CD9-9BC5-45A1E39AC6ED}.Release|ARM64.Build.0 = Release|ARM64
		{FC81FF41-02CD-4CD9-9BC5-45A1E39AC6ED}.Release|x64.ActiveCfg = Release|x64
		{FC81FF41-02CD-4CD9-9BC5-45A1E39AC6ED}.Release|x64.Build.0 = Release|x64
		{FC81FF41-02CD-4CD9-9BC5-45A1E39AC6ED}.Release|x86.ActiveCfg = Release|Win32
		{FC81FF41-02CD-4CD9-9BC5-45A1E39AC6ED}.Release|x86.Build.0 = Release|Win32
		{E1E2E3E4-1234-5678-ABCD-555555555555}.Debug|Any CPU.ActiveCfg = Debug|Any CPU
		{E1E2E3E4-1234-5678-ABCD-555555555555}.Debug|Any CPU.Build.0 = Debug|Any CPU
		{E1E2E3E4-1234-5678-ABCD-555555555555}.Debug|ARM.ActiveCfg = Debug|ARM64
		{E1E2E3E4-1234-5678-ABCD-555555555555}.Debug|ARM64.ActiveCfg = Debug|ARM64
		{E1E2E3E4-1234-5678-ABCD-555555555555}.Debug|ARM64.Build.0 = Debug|ARM64
		{E1E2E3E4-1234-5678-ABCD-555555555555}.Debug|x64.ActiveCfg = Debug|x64
		{E1E2E3E4-1234-5678-ABCD-555555555555}.Debug|x64.Build.0 = Debug|x64
		{E1E2E3E4-1234-5678-ABCD-555555555555}.Debug|x86.ActiveCfg = Debug|x86
		{E1E2E3E4-1234-5678-ABCD-555555555555}.Debug|x86.Build.0 = Debug|x86
		{E1E2E3E4-1234-5678-ABCD-555555555555}.Release|Any CPU.ActiveCfg = Release|Any CPU
		{E1E2E3E4-1234-5678-ABCD-555555555555}.Release|Any CPU.Build.0 = Release|Any CPU
		{E1E2E3E4-1234-5678-ABCD-555555555555}.Release|ARM.ActiveCfg = Release|ARM64
		{E1E2E3E4-1234-5678-ABCD-555555555555}.Release|ARM64.ActiveCfg = Release|ARM64
		{E1E2E3E4-1234-5678-ABCD-555555555555}.Release|ARM64.Build.0 = Release|ARM64
		{E1E2E3E4-1234-5678-ABCD-555555555555}.Release|x64.ActiveCfg = Release|x64
		{E1E2E3E4-1234-5678-ABCD-555555555555}.Release|x64.Build.0 = Release|x64
		{E1E2E3E4-1234-5678-ABCD-555555555555}.Release|x86.ActiveCfg = Release|x86
		{E1E2E3E4-1234-5678-ABCD-555555555555}.Release|x86.Build.0 = Release|x86
		{3E4B3AB2-A1E0-4B28-B191-7B423E00B5A1}.Debug|Any CPU.ActiveCfg = Debug|Any CPU
		{3E4B3AB2-A1E0-4B28-B191-7B423E00B5A1}.Debug|Any CPU.Build.0 = Debug|Any CPU
		{3E4B3AB2-A1E0-4B28-B191-7B423E00B5A1}.Debug|ARM.ActiveCfg = Debug|ARM64
		{3E4B3AB2-A1E0-4B28-B191-7B423E00B5A1}.Debug|ARM64.ActiveCfg = Debug|ARM64
		{3E4B3AB2-A1E0-4B28-B191-7B423E00B5A1}.Debug|ARM64.Build.0 = Debug|ARM64
		{3E4B3AB2-A1E0-4B28-B191-7B423E00B5A1}.Debug|x64.ActiveCfg = Debug|x64
		{3E4B3AB2-A1E0-4B28-B191-7B423E00B5A1}.Debug|x64.Build.0 = Debug|x64
		{3E4B3AB2-A1E0-4B28-B191-7B423E00B5A1}.Debug|x86.ActiveCfg = Debug|x86
		{3E4B3AB2-A1E0-4B28-B191-7B423E00B5A1}.Debug|x86.Build.0 = Debug|x86
		{3E4B3AB2-A1E0-4B28-B191-7B423E00B5A1}.Release|Any CPU.ActiveCfg = Release|Any CPU
		{3E4B3AB2-A1E0-4B28-B191-7B423E00B5A1}.Release|Any CPU.Build.0 = Release|Any CPU
		{3E4B3AB2-A1E0-4B28-B191-7B423E00B5A1}.Release|ARM.ActiveCfg = Release|ARM64
		{3E4B3AB2-A1E0-4B28-B191-7B423E00B5A1}.Release|ARM64.ActiveCfg = Release|ARM64
		{3E4B3AB2-A1E0-4B28-B191-7B423E00B5A1}.Release|ARM64.Build.0 = Release|ARM64
		{3E4B3AB2-A1E0-4B28-B191-7B423E00B5A1}.Release|x64.ActiveCfg = Release|x64
		{3E4B3AB2-A1E0-4B28-B191-7B423E00B5A1}.Release|x64.Build.0 = Release|x64
		{3E4B3AB2-A1E0-4B28-B191-7B423E00B5A1}.Release|x86.ActiveCfg = Release|x86
		{3E4B3AB2-A1E0-4B28-B191-7B423E00B5A1}.Release|x86.Build.0 = Release|x86
		{3B773403-B0D6-4F9A-948E-512A7A5FB315}.Debug|Any CPU.ActiveCfg = Debug|x86
		{3B773403-B0D6-4F9A-948E-512A7A5FB315}.Debug|Any CPU.Build.0 = Debug|x86
		{3B773403-B0D6-4F9A-948E-512A7A5FB315}.Debug|ARM.ActiveCfg = Debug|ARM64
		{3B773403-B0D6-4F9A-948E-512A7A5FB315}.Debug|ARM64.ActiveCfg = Debug|ARM64
		{3B773403-B0D6-4F9A-948E-512A7A5FB315}.Debug|ARM64.Build.0 = Debug|ARM64
		{3B773403-B0D6-4F9A-948E-512A7A5FB315}.Debug|x64.ActiveCfg = Debug|x64
		{3B773403-B0D6-4F9A-948E-512A7A5FB315}.Debug|x64.Build.0 = Debug|x64
		{3B773403-B0D6-4F9A-948E-512A7A5FB315}.Debug|x86.ActiveCfg = Debug|x86
		{3B773403-B0D6-4F9A-948E-512A7A5FB315}.Debug|x86.Build.0 = Debug|x86
		{3B773403-B0D6-4F9A-948E-512A7A5FB315}.Release|Any CPU.ActiveCfg = Release|x86
		{3B773403-B0D6-4F9A-948E-512A7A5FB315}.Release|Any CPU.Build.0 = Release|x86
		{3B773403-B0D6-4F9A-948E-512A7A5FB315}.Release|ARM.ActiveCfg = Release|ARM64
		{3B773403-B0D6-4F9A-948E-512A7A5FB315}.Release|ARM64.ActiveCfg = Release|ARM64
		{3B773403-B0D6-4F9A-948E-512A7A5FB315}.Release|ARM64.Build.0 = Release|ARM64
		{3B773403-B0D6-4F9A-948E-512A7A5FB315}.Release|x64.ActiveCfg = Release|x64
		{3B773403-B0D6-4F9A-948E-512A7A5FB315}.Release|x64.Build.0 = Release|x64
		{3B773403-B0D6-4F9A-948E-512A7A5FB315}.Release|x86.ActiveCfg = Release|x86
		{3B773403-B0D6-4F9A-948E-512A7A5FB315}.Release|x86.Build.0 = Release|x86
		{EB1B9CA9-6784-4E8B-862A-486E2B2E4F08}.Debug|Any CPU.ActiveCfg = Debug|x86
		{EB1B9CA9-6784-4E8B-862A-486E2B2E4F08}.Debug|ARM.ActiveCfg = Debug|ARM
		{EB1B9CA9-6784-4E8B-862A-486E2B2E4F08}.Debug|ARM.Build.0 = Debug|ARM
		{EB1B9CA9-6784-4E8B-862A-486E2B2E4F08}.Debug|ARM.Deploy.0 = Debug|ARM
		{EB1B9CA9-6784-4E8B-862A-486E2B2E4F08}.Debug|ARM64.ActiveCfg = Debug|ARM64
		{EB1B9CA9-6784-4E8B-862A-486E2B2E4F08}.Debug|ARM64.Build.0 = Debug|ARM64
		{EB1B9CA9-6784-4E8B-862A-486E2B2E4F08}.Debug|ARM64.Deploy.0 = Debug|ARM64
		{EB1B9CA9-6784-4E8B-862A-486E2B2E4F08}.Debug|x64.ActiveCfg = Debug|x64
		{EB1B9CA9-6784-4E8B-862A-486E2B2E4F08}.Debug|x64.Build.0 = Debug|x64
		{EB1B9CA9-6784-4E8B-862A-486E2B2E4F08}.Debug|x64.Deploy.0 = Debug|x64
		{EB1B9CA9-6784-4E8B-862A-486E2B2E4F08}.Debug|x86.ActiveCfg = Debug|x86
		{EB1B9CA9-6784-4E8B-862A-486E2B2E4F08}.Debug|x86.Build.0 = Debug|x86
		{EB1B9CA9-6784-4E8B-862A-486E2B2E4F08}.Debug|x86.Deploy.0 = Debug|x86
		{EB1B9CA9-6784-4E8B-862A-486E2B2E4F08}.Release|Any CPU.ActiveCfg = Release|x86
		{EB1B9CA9-6784-4E8B-862A-486E2B2E4F08}.Release|ARM.ActiveCfg = Release|ARM
		{EB1B9CA9-6784-4E8B-862A-486E2B2E4F08}.Release|ARM.Build.0 = Release|ARM
		{EB1B9CA9-6784-4E8B-862A-486E2B2E4F08}.Release|ARM.Deploy.0 = Release|ARM
		{EB1B9CA9-6784-4E8B-862A-486E2B2E4F08}.Release|ARM64.ActiveCfg = Release|ARM64
		{EB1B9CA9-6784-4E8B-862A-486E2B2E4F08}.Release|ARM64.Build.0 = Release|ARM64
		{EB1B9CA9-6784-4E8B-862A-486E2B2E4F08}.Release|ARM64.Deploy.0 = Release|ARM64
		{EB1B9CA9-6784-4E8B-862A-486E2B2E4F08}.Release|x64.ActiveCfg = Release|x64
		{EB1B9CA9-6784-4E8B-862A-486E2B2E4F08}.Release|x64.Build.0 = Release|x64
		{EB1B9CA9-6784-4E8B-862A-486E2B2E4F08}.Release|x64.Deploy.0 = Release|x64
		{EB1B9CA9-6784-4E8B-862A-486E2B2E4F08}.Release|x86.ActiveCfg = Release|x86
		{EB1B9CA9-6784-4E8B-862A-486E2B2E4F08}.Release|x86.Build.0 = Release|x86
		{EB1B9CA9-6784-4E8B-862A-486E2B2E4F08}.Release|x86.Deploy.0 = Release|x86
		{4345E98B-2F22-4824-9C67-90DE0E7EE619}.Debug|Any CPU.ActiveCfg = Debug|Any CPU
		{4345E98B-2F22-4824-9C67-90DE0E7EE619}.Debug|Any CPU.Build.0 = Debug|Any CPU
		{4345E98B-2F22-4824-9C67-90DE0E7EE619}.Debug|ARM.ActiveCfg = Debug|ARM
		{4345E98B-2F22-4824-9C67-90DE0E7EE619}.Debug|ARM.Build.0 = Debug|ARM
		{4345E98B-2F22-4824-9C67-90DE0E7EE619}.Debug|ARM64.ActiveCfg = Debug|ARM64
		{4345E98B-2F22-4824-9C67-90DE0E7EE619}.Debug|ARM64.Build.0 = Debug|ARM64
		{4345E98B-2F22-4824-9C67-90DE0E7EE619}.Debug|x64.ActiveCfg = Debug|x64
		{4345E98B-2F22-4824-9C67-90DE0E7EE619}.Debug|x64.Build.0 = Debug|x64
		{4345E98B-2F22-4824-9C67-90DE0E7EE619}.Debug|x86.ActiveCfg = Debug|x86
		{4345E98B-2F22-4824-9C67-90DE0E7EE619}.Debug|x86.Build.0 = Debug|x86
		{4345E98B-2F22-4824-9C67-90DE0E7EE619}.Release|Any CPU.ActiveCfg = Release|Any CPU
		{4345E98B-2F22-4824-9C67-90DE0E7EE619}.Release|Any CPU.Build.0 = Release|Any CPU
		{4345E98B-2F22-4824-9C67-90DE0E7EE619}.Release|ARM.ActiveCfg = Release|ARM
		{4345E98B-2F22-4824-9C67-90DE0E7EE619}.Release|ARM.Build.0 = Release|ARM
		{4345E98B-2F22-4824-9C67-90DE0E7EE619}.Release|ARM64.ActiveCfg = Release|ARM64
		{4345E98B-2F22-4824-9C67-90DE0E7EE619}.Release|ARM64.Build.0 = Release|ARM64
		{4345E98B-2F22-4824-9C67-90DE0E7EE619}.Release|x64.ActiveCfg = Release|x64
		{4345E98B-2F22-4824-9C67-90DE0E7EE619}.Release|x64.Build.0 = Release|x64
		{4345E98B-2F22-4824-9C67-90DE0E7EE619}.Release|x86.ActiveCfg = Release|x86
		{4345E98B-2F22-4824-9C67-90DE0E7EE619}.Release|x86.Build.0 = Release|x86
		{4FC5183E-E778-46D3-B30C-012B98D294A9}.Debug|Any CPU.ActiveCfg = Debug|x64
		{4FC5183E-E778-46D3-B30C-012B98D294A9}.Debug|Any CPU.Build.0 = Debug|x64
		{4FC5183E-E778-46D3-B30C-012B98D294A9}.Debug|ARM.ActiveCfg = Debug|x64
		{4FC5183E-E778-46D3-B30C-012B98D294A9}.Debug|ARM.Build.0 = Debug|x64
		{4FC5183E-E778-46D3-B30C-012B98D294A9}.Debug|ARM64.ActiveCfg = Debug|ARM64
		{4FC5183E-E778-46D3-B30C-012B98D294A9}.Debug|ARM64.Build.0 = Debug|ARM64
		{4FC5183E-E778-46D3-B30C-012B98D294A9}.Debug|x64.ActiveCfg = Debug|x64
		{4FC5183E-E778-46D3-B30C-012B98D294A9}.Debug|x64.Build.0 = Debug|x64
		{4FC5183E-E778-46D3-B30C-012B98D294A9}.Debug|x86.ActiveCfg = Debug|Win32
		{4FC5183E-E778-46D3-B30C-012B98D294A9}.Debug|x86.Build.0 = Debug|Win32
		{4FC5183E-E778-46D3-B30C-012B98D294A9}.Release|Any CPU.ActiveCfg = Release|x64
		{4FC5183E-E778-46D3-B30C-012B98D294A9}.Release|Any CPU.Build.0 = Release|x64
		{4FC5183E-E778-46D3-B30C-012B98D294A9}.Release|ARM.ActiveCfg = Release|x64
		{4FC5183E-E778-46D3-B30C-012B98D294A9}.Release|ARM.Build.0 = Release|x64
		{4FC5183E-E778-46D3-B30C-012B98D294A9}.Release|ARM64.ActiveCfg = Release|ARM64
		{4FC5183E-E778-46D3-B30C-012B98D294A9}.Release|ARM64.Build.0 = Release|ARM64
		{4FC5183E-E778-46D3-B30C-012B98D294A9}.Release|x64.ActiveCfg = Release|x64
		{4FC5183E-E778-46D3-B30C-012B98D294A9}.Release|x64.Build.0 = Release|x64
		{4FC5183E-E778-46D3-B30C-012B98D294A9}.Release|x86.ActiveCfg = Release|Win32
		{4FC5183E-E778-46D3-B30C-012B98D294A9}.Release|x86.Build.0 = Release|Win32
	EndGlobalSection
	GlobalSection(SolutionProperties) = preSolution
		HideSolutionNode = FALSE
	EndGlobalSection
	GlobalSection(ExtensibilityGlobals) = postSolution
		SolutionGuid = {50228073-5EBF-4BCF-9D0D-21D4E796F6B1}
	EndGlobalSection
EndGlobal
