<?xml version="1.0" encoding="utf-8"?>
<Project ToolsVersion="15.0" xmlns="http://schemas.microsoft.com/developer/msbuild/2003">
  <ItemGroup>
    <None Include="Win32Bridge.def" />
    <ClInclude Include="RuntimeHost.h" />
    <ClInclude Include="RuntimeSession.h" />
    <Filter Include="Bridge">
      <UniqueIdentifier>{6D6B260B-86C6-4503-8501-F8F3967C7E9D}</UniqueIdentifier>
    </Filter>
    <Filter Include="Common">
      <UniqueIdentifier>4fc5183e-e778-46d3-b30c-012b98d294a9</UniqueIdentifier>
    </Filter>
    <Filter Include="Assets">
      <UniqueIdentifier>f252954d-63a7-4198-b832-98b5d8715de6</UniqueIdentifier>
      <Extensions>bmp;fbx;gif;jpg;jpeg;tga;tiff;tif;png</Extensions>
    </Filter>
    <ClInclude Include="Bridge\CompatibilityCatalog.h">
      <Filter>Bridge</Filter>
    </ClInclude>
    <ClInclude Include="Bridge\Gdi32Shims.h">
      <Filter>Bridge</Filter>
    </ClInclude>
    <ClInclude Include="Bridge\GuestKernel.h">
      <Filter>Bridge</Filter>
    </ClInclude>
    <ClInclude Include="Bridge\GuestMessageQueue.h">
      <Filter>Bridge</Filter>
    </ClInclude>
    <ClInclude Include="Bridge\GuestWin32Abi.h">
      <Filter>Bridge</Filter>
    </ClInclude>
    <ClInclude Include="Bridge\GuestRuntime.h">
      <Filter>Bridge</Filter>
    </ClInclude>
    <ClInclude Include="Bridge\GuestStorage.h">
      <Filter>Bridge</Filter>
    </ClInclude>
    <ClInclude Include="Bridge\ImportBinder.h">
      <Filter>Bridge</Filter>
    </ClInclude>
    <ClInclude Include="Bridge\Kernel32Shims.h">
      <Filter>Bridge</Filter>
    </ClInclude>
    <ClInclude Include="Bridge\MouseInput.h">
      <Filter>Bridge</Filter>
    </ClInclude>
    <ClInclude Include="Bridge\MiniGdi.h">
      <Filter>Bridge</Filter>
    </ClInclude>
    <ClInclude Include="Bridge\PeImage.h">
      <Filter>Bridge</Filter>
    </ClInclude>
    <ClInclude Include="Bridge\PeMapper.h">
      <Filter>Bridge</Filter>
    </ClInclude>
    <ClInclude Include="Bridge\RuntimeImage.h">
      <Filter>Bridge</Filter>
    </ClInclude>
    <ClInclude Include="Bridge\VirtualPath.h">
      <Filter>Bridge</Filter>
    </ClInclude>
    <ClInclude Include="Bridge\Win32Shims.h">
      <Filter>Bridge</Filter>
    </ClInclude>
    <ClInclude Include="Bridge\User32Shims.h">
      <Filter>Bridge</Filter>
    </ClInclude>
    <ClInclude Include="Bridge\GuestWindow.h">
      <Filter>Bridge</Filter>
    </ClInclude>
    <ClCompile Include="RuntimeHost.cpp" />
    <ClCompile Include="RuntimeSession.cpp" />
    <ClCompile Include="Bridge\CompatibilityCatalog.cpp">
      <Filter>Bridge</Filter>
    </ClCompile>
    <ClCompile Include="Bridge\Gdi32Shims.cpp">
      <Filter>Bridge</Filter>
    </ClCompile>
    <ClCompile Include="Bridge\GuestKernel.cpp">
      <Filter>Bridge</Filter>
    </ClCompile>
    <ClCompile Include="Bridge\GuestMessageQueue.cpp">
      <Filter>Bridge</Filter>
    </ClCompile>
    <ClCompile Include="Bridge\GuestRuntime.cpp">
      <Filter>Bridge</Filter>
    </ClCompile>
    <ClCompile Include="Bridge\GuestWindow.cpp">
      <Filter>Bridge</Filter>
    </ClCompile>
    <ClCompile Include="Bridge\GuestStorage.cpp">
      <Filter>Bridge</Filter>
    </ClCompile>
    <ClCompile Include="Bridge\ImportBinder.cpp">
      <Filter>Bridge</Filter>
    </ClCompile>
    <ClCompile Include="Bridge\Kernel32Shims.cpp">
      <Filter>Bridge</Filter>
    </ClCompile>
    <ClCompile Include="Bridge\MouseInput.cpp">
      <Filter>Bridge</Filter>
    </ClCompile>
    <ClCompile Include="Bridge\MiniGdi.cpp">
      <Filter>Bridge</Filter>
    </ClCompile>
    <ClCompile Include="Bridge\PeImage.cpp">
      <Filter>Bridge</Filter>
    </ClCompile>
    <ClCompile Include="Bridge\PeMapper.cpp">
      <Filter>Bridge</Filter>
    </ClCompile>
    <ClCompile Include="Bridge\RuntimeImage.cpp">
      <Filter>Bridge</Filter>
    </ClCompile>
    <ClCompile Include="Bridge\VirtualPath.cpp">
      <Filter>Bridge</Filter>
    </ClCompile>
    <ClCompile Include="Bridge\Win32Shims.cpp">
      <Filter>Bridge</Filter>
    </ClCompile>
    <ClCompile Include="Bridge\User32Shims.cpp">
      <Filter>Bridge</Filter>
    </ClCompile>
  </ItemGroup>
  <ItemGroup>
    <ClCompile Include="Bridge\Advapi32Shims.cpp" />
    <ClCompile Include="Bridge\CommonControlsShims.cpp" />
    <ClCompile Include="Bridge\Comdlg32Shims.cpp" />
    <ClCompile Include="Bridge\DialogResources.cpp" />
    <ClCompile Include="Bridge\GuestRegistry.cpp" />
    <ClCompile Include="Bridge\GuestResources.cpp" />
    <ClCompile Include="Bridge\MsvcrtShims.cpp" />
    <ClCompile Include="Bridge\OleShims.cpp" />
    <ClCompile Include="Bridge\Shell32Shims.cpp" />
    <ClCompile Include="Bridge\GuestModule.cpp" />
    <ClCompile Include="pch.cpp" />
  </ItemGroup>
  <ItemGroup>
    <ClInclude Include="pch.h" />
    <ClInclude Include="Bridge\Advapi32Shims.h" />
    <ClInclude Include="Bridge\CommonControlsShims.h" />
    <ClInclude Include="Bridge\Comdlg32Shims.h" />
    <ClInclude Include="Bridge\DialogResources.h" />
    <ClInclude Include="Bridge\GuestRegistry.h" />
    <ClInclude Include="Bridge\GuestResources.h" />
    <ClInclude Include="Bridge\MsvcrtShims.h" />
    <ClInclude Include="Bridge\OleShims.h" />
    <ClInclude Include="Bridge\Shell32Shims.h" />
    <ClInclude Include="Bridge\GuestModule.h" />
  </ItemGroup>
</Project>